Microsoft Visual Studio Solution File, Format Version 12.00
# Visual Studio Version 17
VisualStudioVersion = 17.5.2.0
MinimumVisualStudioVersion = 10.0.40219.1
Project("{FAE04EC0-301F-11D3-BF4B-00C04F79EFBC}") = "Jobsy", "Jobsy.csproj", "{61706AAB-D4AD-9E07-3264-A3C305AAD297}"
EndProject
Global
	GlobalSection(SolutionConfigurationPlatforms) = preSolution
		Debug|Any CPU = Debug|Any CPU
		Release|Any CPU = Release|Any CPU
	EndGlobalSection
	GlobalSection(ProjectConfigurationPlatforms) = postSolution
		{61706AAB-D4AD-9E07-3264-A3C305AAD297}.Debug|Any CPU.ActiveCfg = Debug|Any CPU
		{61706AAB-D4AD-9E07-3264-A3C305AAD297}.Debug|Any CPU.Build.0 = Debug|Any CPU
		{61706AAB-D4AD-9E07-3264-A3C305AAD297}.Release|Any CPU.ActiveCfg = Release|Any CPU
		{61706AAB-D4AD-9E07-3264-A3C305AAD297}.Release|Any CPU.Build.0 = Release|Any CPU
	EndGlobalSection
	GlobalSection(SolutionProperties) = preSolution
		HideSolutionNode = FALSE
	EndGlobalSection
	GlobalSection(ExtensibilityGlobals) = postSolution
		SolutionGuid = {A8589551-2F9D-4BD3-BFB0-57E42E2FDDC8}
	EndGlobalSection
EndGlobal
